
Microsoft Visual Studio Solution File, Format Version 12.00
# Visual Studio Version 16
VisualStudioVersion = 16.0.30717.126
MinimumVisualStudioVersion = 10.0.40219.1
Project("{FAE04EC0-301F-11D3-BF4B-00C04F79EFBC}") = "Runtime", "Instance\Runtime.csproj", "{1BC08523-CDED-4E8E-B64A-6FB103D763A7}"
EndProject
Project("{FAE04EC0-301F-11D3-BF4B-00C04F79EFBC}") = "Time.ITime", "Time.ITime\Time.ITime.csproj", "{19A4E365-1687-4635-A25B-7C2B036EC08A}"
EndProject
Project("{FAE04EC0-301F-11D3-BF4B-00C04F79EFBC}") = "Time.ClockType1", "Time.ClockType1\Time.ClockType1.csproj", "{DCBD2FB4-6E4F-47A1-B40D-26857E4E968A}"
EndProject
Project("{FAE04EC0-301F-11D3-BF4B-00C04F79EFBC}") = "Time.ClockType2", "Time.ClockType2\Time.ClockType2.csproj", "{C60A2050-F8D2-4B38-9804-4E61434A6EB6}"
EndProject
Project("{FAE04EC0-301F-11D3-BF4B-00C04F79EFBC}") = "Time.Sample", "Time.Sample\Time.Sample.csproj", "{BBC9A2BD-1E43-43F7-8DE5-F535756E5A3C}"
EndProject
Global
	GlobalSection(SolutionConfigurationPlatforms) = preSolution
		Debug|Any CPU = Debug|Any CPU
		Release|Any CPU = Release|Any CPU
	EndGlobalSection
	GlobalSection(ProjectConfigurationPlatforms) = postSolution
		{1BC08523-CDED-4E8E-B64A-6FB103D763A7}.Debug|Any CPU.ActiveCfg = Debug|Any CPU
		{1BC08523-CDED-4E8E-B64A-6FB103D763A7}.Debug|Any CPU.Build.0 = Debug|Any CPU
		{1BC08523-CDED-4E8E-B64A-6FB103D763A7}.Release|Any CPU.ActiveCfg = Release|Any CPU
		{1BC08523-CDED-4E8E-B64A-6FB103D763A7}.Release|Any CPU.Build.0 = Release|Any CPU
		{19A4E365-1687-4635-A25B-7C2B036EC08A}.Debug|Any CPU.ActiveCfg = Debug|Any CPU
		{19A4E365-1687-4635-A25B-7C2B036EC08A}.Debug|Any CPU.Build.0 = Debug|Any CPU
		{19A4E365-1687-4635-A25B-7C2B036EC08A}.Release|Any CPU.ActiveCfg = Release|Any CPU
		{19A4E365-1687-4635-A25B-7C2B036EC08A}.Release|Any CPU.Build.0 = Release|Any CPU
		{DCBD2FB4-6E4F-47A1-B40D-26857E4E968A}.Debug|Any CPU.ActiveCfg = Debug|Any CPU
		{DCBD2FB4-6E4F-47A1-B40D-26857E4E968A}.Debug|Any CPU.Build.0 = Debug|Any CPU
		{DCBD2FB4-6E4F-47A1-B40D-26857E4E968A}.Release|Any CPU.ActiveCfg = Release|Any CPU
		{DCBD2FB4-6E4F-47A1-B40D-26857E4E968A}.Release|Any CPU.Build.0 = Release|Any CPU
		{C60A2050-F8D2-4B38-9804-4E61434A6EB6}.Debug|Any CPU.ActiveCfg = Debug|Any CPU
		{C60A2050-F8D2-4B38-9804-4E61434A6EB6}.Debug|Any CPU.Build.0 = Debug|Any CPU
		{C60A2050-F8D2-4B38-9804-4E61434A6EB6}.Release|Any CPU.ActiveCfg = Release|Any CPU
		{C60A2050-F8D2-4B38-9804-4E61434A6EB6}.Release|Any CPU.Build.0 = Release|Any CPU
		{BBC9A2BD-1E43-43F7-8DE5-F535756E5A3C}.Debug|Any CPU.ActiveCfg = Debug|Any CPU
		{BBC9A2BD-1E43-43F7-8DE5-F535756E5A3C}.Debug|Any CPU.Build.0 = Debug|Any CPU
		{BBC9A2BD-1E43-43F7-8DE5-F535756E5A3C}.Release|Any CPU.ActiveCfg = Release|Any CPU
		{BBC9A2BD-1E43-43F7-8DE5-F535756E5A3C}.Release|Any CPU.Build.0 = Release|Any CPU
	EndGlobalSection
	GlobalSection(SolutionProperties) = preSolution
		HideSolutionNode = FALSE
	EndGlobalSection
	GlobalSection(ExtensibilityGlobals) = postSolution
		SolutionGuid = {EE774084-B179-4ED2-9786-CE34F38D23B6}
	EndGlobalSection
EndGlobal
